
Microsoft Visual Studio Solution File, Format Version 12.00
# Visual Studio Version 16
VisualStudioVersion = 16.0.30413.136
MinimumVisualStudioVersion = 10.0.40219.1
Project("{9092AA53-FB77-4645-B42D-1CCCA6BD08BD}") = "EmployeeWage", "EmployeeWage\EmployeeWage.njsproj", "{181AB8DF-99C7-4826-9BF0-7B7038F8980E}"
EndProject
Global
	GlobalSection(SolutionConfigurationPlatforms) = preSolution
		Debug|Any CPU = Debug|Any CPU
		Release|Any CPU = Release|Any CPU
	EndGlobalSection
	GlobalSection(ProjectConfigurationPlatforms) = postSolution
		{181AB8DF-99C7-4826-9BF0-7B7038F8980E}.Debug|Any CPU.ActiveCfg = Debug|Any CPU
		{181AB8DF-99C7-4826-9BF0-7B7038F8980E}.Debug|Any CPU.Build.0 = Debug|Any CPU
		{181AB8DF-99C7-4826-9BF0-7B7038F8980E}.Release|Any CPU.ActiveCfg = Release|Any CPU
		{181AB8DF-99C7-4826-9BF0-7B7038F8980E}.Release|Any CPU.Build.0 = Release|Any CPU
	EndGlobalSection
	GlobalSection(SolutionProperties) = preSolution
		HideSolutionNode = FALSE
	EndGlobalSection
	GlobalSection(ExtensibilityGlobals) = postSolution
		SolutionGuid = {75770D4A-0B50-456E-8DA0-9C835214D115}
	EndGlobalSection
EndGlobal
